
Microsoft Visual Studio Solution File, Format Version 12.00
# Visual Studio Version 16
VisualStudioVersion = 16.0.31313.79
MinimumVisualStudioVersion = 10.0.40219.1
Project("{9A19103F-16F7-4668-BE54-9A1E7A4F7556}") = "CleanArchitecture.API", "CleanArchitecture.API\CleanArchitecture.API.csproj", "{96F67A95-1E62-4497-B08F-419BBC96B8AE}"
EndProject
Project("{FAE04EC0-301F-11D3-BF4B-00C04F79EFBC}") = "CleanArchitecture.Infrastructure", "CleanArchitecture.Infrastructure\CleanArchitecture.Infrastructure.csproj", "{0FAF0B48-A39A-4FAC-8288-5C0C7F704F2C}"
EndProject
Project("{FAE04EC0-301F-11D3-BF4B-00C04F79EFBC}") = "CleanArchitecture.Application", "CleanArchitecture.Application\CleanArchitecture.Application.csproj", "{F2BE15BD-30AA-4B1C-AB6D-D75471194372}"
EndProject
Project("{FAE04EC0-301F-11D3-BF4B-00C04F79EFBC}") = "CleanArchitecture.Domain", "CleanArchitecture.Domain\CleanArchitecture.Domain.csproj", "{8B18D234-628F-4D60-89DF-A839A5F28565}"
EndProject
Global
	GlobalSection(SolutionConfigurationPlatforms) = preSolution
		Debug|Any CPU = Debug|Any CPU
		Release|Any CPU = Release|Any CPU
	EndGlobalSection
	GlobalSection(ProjectConfigurationPlatforms) = postSolution
		{96F67A95-1E62-4497-B08F-419BBC96B8AE}.Debug|Any CPU.ActiveCfg = Debug|Any CPU
		{96F67A95-1E62-4497-B08F-419BBC96B8AE}.Debug|Any CPU.Build.0 = Debug|Any CPU
		{96F67A95-1E62-4497-B08F-419BBC96B8AE}.Release|Any CPU.ActiveCfg = Release|Any CPU
		{96F67A95-1E62-4497-B08F-419BBC96B8AE}.Release|Any CPU.Build.0 = Release|Any CPU
		{0FAF0B48-A39A-4FAC-8288-5C0C7F704F2C}.Debug|Any CPU.ActiveCfg = Debug|Any CPU
		{0FAF0B48-A39A-4FAC-8288-5C0C7F704F2C}.Debug|Any CPU.Build.0 = Debug|Any CPU
		{0FAF0B48-A39A-4FAC-8288-5C0C7F704F2C}.Release|Any CPU.ActiveCfg = Release|Any CPU
		{0FAF0B48-A39A-4FAC-8288-5C0C7F704F2C}.Release|Any CPU.Build.0 = Release|Any CPU
		{F2BE15BD-30AA-4B1C-AB6D-D75471194372}.Debug|Any CPU.ActiveCfg = Debug|Any CPU
		{F2BE15BD-30AA-4B1C-AB6D-D75471194372}.Debug|Any CPU.Build.0 = Debug|Any CPU
		{F2BE15BD-30AA-4B1C-AB6D-D75471194372}.Release|Any CPU.ActiveCfg = Release|Any CPU
		{F2BE15BD-30AA-4B1C-AB6D-D75471194372}.Release|Any CPU.Build.0 = Release|Any CPU
		{8B18D234-628F-4D60-89DF-A839A5F28565}.Debug|Any CPU.ActiveCfg = Debug|Any CPU
		{8B18D234-628F-4D60-89DF-A839A5F28565}.Debug|Any CPU.Build.0 = Debug|Any CPU
		{8B18D234-628F-4D60-89DF-A839A5F28565}.Release|Any CPU.ActiveCfg = Release|Any CPU
		{8B18D234-628F-4D60-89DF-A839A5F28565}.Release|Any CPU.Build.0 = Release|Any CPU
	EndGlobalSection
	GlobalSection(SolutionProperties) = preSolution
		HideSolutionNode = FALSE
	EndGlobalSection
	GlobalSection(ExtensibilityGlobals) = postSolution
		SolutionGuid = {952843D4-F9BC-4C94-A54A-4C90447B731B}
	EndGlobalSection
EndGlobal
